eliasnaur.com/font v0.0.0-20230308162249-dd43949cb42d h1:ARo7NCVvN2NdhLlJE9xAbKweuI9L6UgfTbYb0YwPacY=
eliasnaur.com/font v0.0.0-20230308162249-dd43949cb42d/go.mod h1:OYVuxibdk9OSLX8vAqydtRPP87PyTFcT9uH3MlEGBQA=
gioui.org v0.8.0 h1:QV5p5JvsmSmGiIXVYOKn6d9YDliTfjtLlVf5J+BZ9Pg=
gioui.org v0.8.0/go.mod h1:vEMmpxMOd/iwJhXvGVIzWEbxMWhnMQ9aByOGQdlQ8rc=
gioui.org/cpu v0.0.0-20210808092351-bfe733dd3334/go.mod h1:A8M0Cn5o+vY5LTMlnRoK3O5kG+rH0kWfJjeKd9QpBmQ=
gioui.org/shader v1.0.8 h1:6ks0o/A+b0ne7RzEqRZK5f4Gboz2CfG+mVliciy6+qA=
gioui.org/shader v1.0.8/go.mod h1:mWdiME581d/kV7/iEhLmUgUK5iZ09XR5XpduXzbePVM=
git.wow.st/gmp/jni v0.0.0-20210610011705-34026c7e22d0 h1:bGG/g4ypjrCJoSvFrP5hafr9PPB5aw8SjcOWWila7ZI=
git.wow.st/gmp/jni v0.0.0-20210610011705-34026c7e22d0/go.mod h1:+axXBRUTIDlCeE73IKeD/os7LoEnTKdkp8/gQOFjqyo=
github.com/go-text/typesetting v0.2.1 h1:x0jMOGyO3d1qFAPI0j4GSsh7M0Q3Ypjzr4+CEVg82V8=
github.com/go-text/typesetting v0.2.1/go.mod h1:mTOxEwasOFpAMBjEQDhdWRckoLLeI/+qrQeBCTGEt6M=
github.com/go-text/typesetting-utils v0.0.0-20241103174707-87a29e9e6066 h1:qCuYC+94v2xrb1PoS4NIDe7DGYtLnU2wWiQe9a1B1c0=
github.com/go-text/typesetting-utils v0.0.0-20241103174707-87a29e9e6066/go.mod h1:DDxDdQEnB70R8owOx3LVpEFvpMK9eeH1o2r0yZhFI9o=
github.com/godbus/dbus/v5 v5.0.6 h1:mkgN1ofwASrYnJ5W6U/BxG15eXXXjirgZc7CLqkcaro=
github.com/godbus/dbus/v5 v5.0.6/go.mod h1:xhWf0FNVPg57R7Z0UbKHbJfkEywrmjJnf7w5xrFpKfA=
github.com/jhonnyV-V/gio-x v0.0.0-20250913041602-1458ff9fa535 h1:gBtFua8eGGEhv9MH7nbQdtAX5lm/YLrdxwwN2U1O+60=
github.com/jhonnyV-V/gio-x v0.0.0-20250913041602-1458ff9fa535/go.mod h1:/8Ig/rzxiybwLHndlIuzxY9wkdpgTuEXexJQJQCNz2g=
github.com/jhonnyV-V/gio-x v0.0.0-20250920025134-b730d3c6cb79 h1:M+mGMb84o1WqJFtT+ugYhtOuXnufydEa2KaSUJEfUKw=
github.com/jhonnyV-V/gio-x v0.0.0-20250920025134-b730d3c6cb79/go.mod h1:/8Ig/rzxiybwLHndlIuzxY9wkdpgTuEXexJQJQCNz2g=
github.com/jhonnyV-V/gio-x v0.0.0-20250920032708-c3cddcbc6f34 h1:dCnBdViy9HYvm9RHEKQP5yhmqSVZIdKnFF7kMxHi3d4=
github.com/jhonnyV-V/gio-x v0.0.0-20250920032708-c3cddcbc6f34/go.mod h1:/8Ig/rzxiybwLHndlIuzxY9wkdpgTuEXexJQJQCNz2g=
golang.org/x/exp v0.0.0-20240707233637-46b078467d37 h1:uLDX+AfeFCct3a2C7uIWBKMJIR3CJMhcgfrUAqjRK6w=
golang.org/x/exp v0.0.0-20240707233637-46b078467d37/go.mod h1:M4RDyNAINzryxdtnbRXRL/OHtkFuWGRjvuhBJpk2IlY=
golang.org/x/exp/shiny v0.0.0-20250819193227-8b4c13bb791b h1:OeyDhfAaNf4u4sBKDtc4k1iKGYngpGDa1L/1Ch049HA=
golang.org/x/exp/shiny v0.0.0-20250819193227-8b4c13bb791b/go.mod h1:QnFR+evpZFrYgSiu+d/Rn6g/6bNqLQTp+rzKaVpFoeI=
golang.org/x/image v0.30.0 h1:jD5RhkmVAnjqaCUXfbGBrn3lpxbknfN9w2UhHHU+5B4=
golang.org/x/image v0.30.0/go.mod h1:SAEUTxCCMWSrJcCy/4HwavEsfZZJlYxeHLc6tTiAe/c=
golang.org/x/sys v0.35.0 h1:vz1N37gP5bs89s7He8XuIYXpyY0+QlsKmzipCbUtyxI=
golang.org/x/sys v0.35.0/go.mod h1:BJP2sWEmIv4KK5OTEluFJCKSidICx8ciO85XgH3Ak8k=
golang.org/x/text v0.28.0 h1:rhazDwis8INMIwQ4tpjLDzUhx6RlXqZNPEM0huQojng=
golang.org/x/text v0.28.0/go.mod h1:U8nCwOR8jO/marOQ0QbDiOngZVEBB7MAiitBuMjXiNU=
